
Microsoft Visual Studio Solution File, Format Version 12.00
# Visual Studio Version 17
VisualStudioVersion = 17.14.37614.0 d17.14
MinimumVisualStudioVersion = 10.0.40219.1
Project("{FAE04EC0-301F-11D3-BF4B-00C04F79EFBC}") = "CloudRecommendation.API", "CloudRecommendation.API\CloudRecommendation.API.csproj", "{43AD5F8E-C614-4D7A-87A0-45CF08ED3342}"
EndProject
Global
	GlobalSection(SolutionConfigurationPlatforms) = preSolution
		Debug|Any CPU = Debug|Any CPU
		Release|Any CPU = Release|Any CPU
	EndGlobalSection
	GlobalSection(ProjectConfigurationPlatforms) = postSolution
		{43AD5F8E-C614-4D7A-87A0-45CF08ED3342}.Debug|Any CPU.ActiveCfg = Debug|Any CPU
		{43AD5F8E-C614-4D7A-87A0-45CF08ED3342}.Debug|Any CPU.Build.0 = Debug|Any CPU
		{43AD5F8E-C614-4D7A-87A0-45CF08ED3342}.Release|Any CPU.ActiveCfg = Release|Any CPU
		{43AD5F8E-C614-4D7A-87A0-45CF08ED3342}.Release|Any CPU.Build.0 = Release|Any CPU
	EndGlobalSection
	GlobalSection(SolutionProperties) = preSolution
		HideSolutionNode = FALSE
	EndGlobalSection
	GlobalSection(ExtensibilityGlobals) = postSolution
		SolutionGuid = {5DA85977-0DA9-4AC0-B6F0-B2DC85B95A8E}
	EndGlobalSection
EndGlobal
